// !$*UTF8*$!
{
	archiveVersion = 1;
	classes = {
	};
	objectVersion = 77;
	objects = {

/* Begin PBXContainerItemProxy section */
		339229C62D17456000FBBD09 /* PBXContainerItemProxy */ = {
			isa = PBXContainerItemProxy;
			containerPortal = 339229A72D17455E00FBBD09 /* Project object */;
			proxyType = 1;
			remoteGlobalIDString = 339229AE2D17455E00FBBD09;
			remoteInfo = "EFD-Delivery";
		};
		339229D02D17456000FBBD09 /* PBXContainerItemProxy */ = {
			isa = PBXContainerItemProxy;
			containerPortal = 339229A72D17455E00FBBD09 /* Project object */;
			proxyType = 1;
			remoteGlobalIDString = 339229AE2D17455E00FBBD09;
			remoteInfo = "EFD-Delivery";
		};
/* End PBXContainerItemProxy section */

/* Begin PBXFileReference section */
		339229AF2D17455E00FBBD09 /* EFD-Delivery.app */ = {isa = PBXFileReference; explicitFileType = wrapper.application; includeInIndex = 0; path = "EFD-Delivery.app"; sourceTree = BUILT_PRODUCTS_DIR; };
		339229C52D17456000FBBD09 /* EFD-DeliveryTests.xctest */ = {isa = PBXFileReference; explicitFileType = wrapper.cfbundle; includeInIndex = 0; path = "EFD-DeliveryTests.xctest"; sourceTree = BUILT_PRODUCTS_DIR; };
		339229CF2D17456000FBBD09 /* EFD-DeliveryUITests.xctest */ = {isa = PBXFileReference; explicitFileType = wrapper.cfbundle; includeInIndex = 0; path = "EFD-DeliveryUITests.xctest"; sourceTree = BUILT_PRODUCTS_DIR; };
/* End PBXFileReference section */

/* Begin PBXFileSystemSynchronizedBuildFileExceptionSet section */
		339229D72D17456000FBBD09 /* Exceptions for "EFD-Delivery" folder in "EFD-Delivery" target */ = {
			isa = PBXFileSystemSynchronizedBuildFileExceptionSet;
			membershipExceptions = (
				Info.plist,
			);
			target = 339229AE2D17455E00FBBD09 /* EFD-Delivery */;
		};
/* End PBXFileSystemSynchronizedBuildFileExceptionSet section */

/* Begin PBXFileSystemSynchronizedRootGroup section */
		339229B12D17455E00FBBD09 /* EFD-Delivery */ = {
			isa = PBXFileSystemSynchronizedRootGroup;
			exceptions = (
				339229D72D17456000FBBD09 /* Exceptions for "EFD-Delivery" folder in "EFD-Delivery" target */,
			);
			path = "EFD-Delivery";
			sourceTree = "<group>";
		};
		339229C82D17456000FBBD09 /* EFD-DeliveryTests */ = {
			isa = PBXFileSystemSynchronizedRootGroup;
			path = "EFD-DeliveryTests";
			sourceTree = "<group>";
		};
		339229D22D17456000FBBD09 /* EFD-DeliveryUITests */ = {
			isa = PBXFileSystemSynchronizedRootGroup;
			path = "EFD-DeliveryUITests";
			sourceTree = "<group>";
		};
/* End PBXFileSystemSynchronizedRootGroup section */

/* Begin PBXFrameworksBuildPhase section */
		339229AC2D17455E00FBBD09 /* Frameworks */ = {
			isa = PBXFrameworksBuildPhase;
			buildActionMask = 2147483647;
			files = (
			);
			runOnlyForDeploymentPostprocessing = 0;
		};
		339229C22D17456000FBBD09 /* Frameworks */ = {
			isa = PBXFrameworksBuildPhase;
			buildActionMask = 2147483647;
			files = (
			);
			runOnlyForDeploymentPostprocessing = 0;
		};
		339229CC2D17456000FBBD09 /* Frameworks */ = {
			isa = PBXFrameworksBuildPhase;
			buildActionMask = 2147483647;
			files = (
			);
			runOnlyForDeploymentPostprocessing = 0;
		};
/* End PBXFrameworksBuildPhase section */

/* Begin PBXGroup section */
		339229A62D17455E00FBBD09 = {
			isa = PBXGroup;
			children = (
				339229B12D17455E00FBBD09 /* EFD-Delivery */,
				339229C82D17456000FBBD09 /* EFD-DeliveryTests */,
				339229D22D17456000FBBD09 /* EFD-DeliveryUITests */,
				339229B02D17455E00FBBD09 /* Products */,
			);
			sourceTree = "<group>";
		};
		339229B02D17455E00FBBD09 /* Products */ = {
			isa = PBXGroup;
			children = (
				339229AF2D17455E00FBBD09 /* EFD-Delivery.app */,
				339229C52D17456000FBBD09 /* EFD-DeliveryTests.xctest */,
				339229CF2D17456000FBBD09 /* EFD-DeliveryUITests.xctest */,
			);
			name = Products;
			sourceTree = "<group>";
		};
/* End PBXGroup section */

/* Begin PBXNativeTarget section */
		339229AE2D17455E00FBBD09 /* EFD-Delivery */ = {
			isa = PBXNativeTarget;
			buildConfigurationList = 339229D82D17456000FBBD09 /* Build configuration list for PBXNativeTarget "EFD-Delivery" */;
			buildPhases = (
				339229AB2D17455E00FBBD09 /* Sources */,
				339229AC2D17455E00FBBD09 /* Frameworks */,
				339229AD2D17455E00FBBD09 /* Resources */,
			);
			buildRules = (
			);
			dependencies = (
			);
			fileSystemSynchronizedGroups = (
				339229B12D17455E00FBBD09 /* EFD-Delivery */,
			);
			name = "EFD-Delivery";
			packageProductDependencies = (
			);
			productName = "EFD-Delivery";
			productReference = 339229AF2D17455E00FBBD09 /* EFD-Delivery.app */;
			productType = "com.apple.product-type.application";
		};
		339229C42D17456000FBBD09 /* EFD-DeliveryTests */ = {
			isa = PBXNativeTarget;
			buildConfigurationList = 339229DD2D17456000FBBD09 /* Build configuration list for PBXNativeTarget "EFD-DeliveryTests" */;
			buildPhases = (
				339229C12D17456000FBBD09 /* Sources */,
				339229C22D17456000FBBD09 /* Frameworks */,
				339229C32D17456000FBBD09 /* Resources */,
			);
			buildRules = (
			);
			dependencies = (
				339229C72D17456000FBBD09 /* PBXTargetDependency */,
			);
			fileSystemSynchronizedGroups = (
				339229C82D17456000FBBD09 /* EFD-DeliveryTests */,
			);
			name = "EFD-DeliveryTests";
			packageProductDependencies = (
			);
			productName = "EFD-DeliveryTests";
			productReference = 339229C52D17456000FBBD09 /* EFD-DeliveryTests.xctest */;
			productType = "com.apple.product-type.bundle.unit-test";
		};
		339229CE2D17456000FBBD09 /* EFD-DeliveryUITests */ = {
			isa = PBXNativeTarget;
			buildConfigurationList = 339229E02D17456000FBBD09 /* Build configuration list for PBXNativeTarget "EFD-DeliveryUITests" */;
			buildPhases = (
				339229CB2D17456000FBBD09 /* Sources */,
				339229CC2D17456000FBBD09 /* Frameworks */,
				339229CD2D17456000FBBD09 /* Resources */,
			);
			buildRules = (
			);
			dependencies = (
				339229D12D17456000FBBD09 /* PBXTargetDependency */,
			);
			fileSystemSynchronizedGroups = (
				339229D22D17456000FBBD09 /* EFD-DeliveryUITests */,
			);
			name = "EFD-DeliveryUITests";
			packageProductDependencies = (
			);
			productName = "EFD-DeliveryUITests";
			productReference = 339229CF2D17456000FBBD09 /* EFD-DeliveryUITests.xctest */;
			productType = "com.apple.product-type.bundle.ui-testing";
		};
/* End PBXNativeTarget section */

/* Begin PBXProject section */
		339229A72D17455E00FBBD09 /* Project object */ = {
			isa = PBXProject;
			attributes = {
				BuildIndependentTargetsInParallel = 1;
				LastSwiftUpdateCheck = 1600;
				LastUpgradeCheck = 1600;
				TargetAttributes = {
					339229AE2D17455E00FBBD09 = {
						CreatedOnToolsVersion = 16.0;
					};
					339229C42D17456000FBBD09 = {
						CreatedOnToolsVersion = 16.0;
						TestTargetID = 339229AE2D17455E00FBBD09;
					};
					339229CE2D17456000FBBD09 = {
						CreatedOnToolsVersion = 16.0;
						TestTargetID = 339229AE2D17455E00FBBD09;
					};
				};
			};
			buildConfigurationList = 339229AA2D17455E00FBBD09 /* Build configuration list for PBXProject "EFD-Delivery" */;
			developmentRegion = en;
			hasScannedForEncodings = 0;
			knownRegions = (
				en,
				Base,
			);
			mainGroup = 339229A62D17455E00FBBD09;
			minimizedProjectReferenceProxies = 1;
			preferredProjectObjectVersion = 77;
			productRefGroup = 339229B02D17455E00FBBD09 /* Products */;
			projectDirPath = "";
			projectRoot = "";
			targets = (
				339229AE2D17455E00FBBD09 /* EFD-Delivery */,
				339229C42D17456000FBBD09 /* EFD-DeliveryTests */,
				339229CE2D17456000FBBD09 /* EFD-DeliveryUITests */,
			);
		};
/* End PBXProject section */

/* Begin PBXResourcesBuildPhase section */
		339229AD2D17455E00FBBD09 /* Resources */ = {
			isa = PBXResourcesBuildPhase;
			buildActionMask = 2147483647;
			files = (
			);
			runOnlyForDeploymentPostprocessing = 0;
		};
		339229C32D17456000FBBD09 /* Resources */ = {
			isa = PBXResourcesBuildPhase;
			buildActionMask = 2147483647;
			files = (
			);
			runOnlyForDeploymentPostprocessing = 0;
		};
		339229CD2D17456000FBBD09 /* Resources */ = {
			isa = PBXResourcesBuildPhase;
			buildActionMask = 2147483647;
			files = (
			);
			runOnlyForDeploymentPostprocessing = 0;
		};
/* End PBXResourcesBuildPhase section */

/* Begin PBXSourcesBuildPhase section */
		339229AB2D17455E00FBBD09 /* Sources */ = {
			isa = PBXSourcesBuildPhase;
			buildActionMask = 2147483647;
			files = (
			);
			runOnlyForDeploymentPostprocessing = 0;
		};
		339229C12D17456000FBBD09 /* Sources */ = {
			isa = PBXSourcesBuildPhase;
			buildActionMask = 2147483647;
			files = (
			);
			runOnlyForDeploymentPostprocessing = 0;
		};
		339229CB2D17456000FBBD09 /* Sources */ = {
			isa = PBXSourcesBuildPhase;
			buildActionMask = 2147483647;
			files = (
			);
			runOnlyForDeploymentPostprocessing = 0;
		};
/* End PBXSourcesBuildPhase section */

/* Begin PBXTargetDependency section */
		339229C72D17456000FBBD09 /* PBXTargetDependency */ = {
			isa = PBXTargetDependency;
			target = 339229AE2D17455E00FBBD09 /* EFD-Delivery */;
			targetProxy = 339229C62D17456000FBBD09 /* PBXContainerItemProxy */;
		};
		339229D12D17456000FBBD09 /* PBXTargetDependency */ = {
			isa = PBXTargetDependency;
			target = 339229AE2D17455E00FBBD09 /* EFD-Delivery */;
			targetProxy = 339229D02D17456000FBBD09 /* PBXContainerItemProxy */;
		};
/* End PBXTargetDependency section */

/* Begin XCBuildConfiguration section */
		339229D92D17456000FBBD09 /* Debug */ = {
			isa = XCBuildConfiguration;
			buildSettings = {
				ASSETCATALOG_COMPILER_APPICON_NAME = AppIcon;
				ASSETCATALOG_COMPILER_GLOBAL_ACCENT_COLOR_NAME = AccentColor;
				CODE_SIGN_STYLE = Automatic;
				CURRENT_PROJECT_VERSION = 1;
				DEVELOPMENT_TEAM = FNQ87MKBKT;
				GENERATE_INFOPLIST_FILE = YES;
				INFOPLIST_FILE = "EFD-Delivery/Info.plist";
				INFOPLIST_KEY_UIApplicationSupportsIndirectInputEvents = YES;
				INFOPLIST_KEY_UILaunchStoryboardName = LaunchScreen;
				INFOPLIST_KEY_UISupportedInterfaceOrientations_iPad = "UIInterfaceOrientationPortrait UIInterfaceOrientationPortraitUpsideDown UIInterfaceOrientationLandscapeLeft UIInterfaceOrientationLandscapeRight";
				INFOPLIST_KEY_UISupportedInterfaceOrientations_iPhone = "UIInterfaceOrientationPortrait UIInterfaceOrientationLandscapeLeft UIInterfaceOrientationLandscapeRight";
				LD_RUNPATH_SEARCH_PATHS = (
					"$(inherited)",
					"@executable_path/Frameworks",
				);
				MARKETING_VERSION = 1.0;
				PRODUCT_BUNDLE_IDENTIFIER = "yanislammari.EFD-Delivery";
				PRODUCT_NAME = "$(TARGET_NAME)";
				SWIFT_EMIT_LOC_STRINGS = YES;
				SWIFT_VERSION = 5.0;
				TARGETED_DEVICE_FAMILY = "1,2";
			};
			name = Debug;
		};
		339229DA2D17456000FBBD09 /* Release */ = {
			isa = XCBuildConfiguration;
			buildSettings = {
				ASSETCATALOG_COMPILER_APPICON_NAME = AppIcon;
				ASSETCATALOG_COMPILER_GLOBAL_ACCENT_COLOR_NAME = AccentColor;
				CODE_SIGN_STYLE = Automatic;
				CURRENT_PROJECT_VERSION = 1;
				DEVELOPMENT_TEAM = FNQ87MKBKT;
				GENERATE_INFOPLIST_FILE = YES;
				INFOPLIST_FILE = "EFD-Delivery/Info.plist";
				INFOPLIST_KEY_UIApplicationSupportsIndirectInputEvents = YES;
				INFOPLIST_KEY_UILaunchStoryboardName = LaunchScreen;
				INFOPLIST_KEY_UISupportedInterfaceOrientations_iPad = "UIInterfaceOrientationPortrait UIInterfaceOrientationPortraitUpsideDown UIInterfaceOrientationLandscapeLeft UIInterfaceOrientationLandscapeRight";
				INFOPLIST_KEY_UISupportedInterfaceOrientations_iPhone = "UIInterfaceOrientationPortrait UIInterfaceOrientationLandscapeLeft UIInterfaceOrientationLandscapeRight";
				LD_RUNPATH_SEARCH_PATHS = (
					"$(inherited)",
					"@executable_path/Frameworks",
				);
				MARKETING_VERSION = 1.0;
				PRODUCT_BUNDLE_IDENTIFIER = "yanislammari.EFD-Delivery";
				PRODUCT_NAME = "$(TARGET_NAME)";
				SWIFT_EMIT_LOC_STRINGS = YES;
				SWIFT_VERSION = 5.0;
				TARGETED_DEVICE_FAMILY = "1,2";
			};
			name = Release;
		};
		339229DB2D17456000FBBD09 /* Debug */ = {
			isa = XCBuildConfiguration;
			buildSettings = {
				ALWAYS_SEARCH_USER_PATHS = NO;
				ASSETCATALOG_COMPILER_GENERATE_SWIFT_ASSET_SYMBOL_EXTENSIONS = YES;
				CLANG_ANALYZER_NONNULL = YES;
				CLANG_ANALYZER_NUMBER_OBJECT_CONVERSION = YES_AGGRESSIVE;
				CLANG_CXX_LANGUAGE_STANDARD = "gnu++20";
				CLANG_ENABLE_MODULES = YES;
				CLANG_ENABLE_OBJC_ARC = YES;
				CLANG_ENABLE_OBJC_WEAK = YES;
				CLANG_WARN_BLOCK_CAPTURE_AUTORELEASING = YES;
				CLANG_WARN_BOOL_CONVERSION = YES;
				CLANG_WARN_COMMA = YES;
				CLANG_WARN_CONSTANT_CONVERSION = YES;
				CLANG_WARN_DEPRECATED_OBJC_IMPLEMENTATIONS = YES;
				CLANG_WARN_DIRECT_OBJC_ISA_USAGE = YES_ERROR;
				CLANG_WARN_DOCUMENTATION_COMMENTS = YES;
				CLANG_WARN_EMPTY_BODY = YES;
				CLANG_WARN_ENUM_CONVERSION = YES;
				CLANG_WARN_INFINITE_RECURSION = YES;
				CLANG_WARN_INT_CONVERSION = YES;
				CLANG_WARN_NON_LITERAL_NULL_CONVERSION = YES;
				CLANG_WARN_OBJC_IMPLICIT_RETAIN_SELF = YES;
				CLANG_WARN_OBJC_LITERAL_CONVERSION = YES;
				CLANG_WARN_OBJC_ROOT_CLASS = YES_ERROR;
				CLANG_WARN_QUOTED_INCLUDE_IN_FRAMEWORK_HEADER = YES;
				CLANG_WARN_RANGE_LOOP_ANALYSIS = YES;
				CLANG_WARN_STRICT_PROTOTYPES = YES;
				CLANG_WARN_SUSPICIOUS_MOVE = YES;
				CLANG_WARN_UNGUARDED_AVAILABILITY = YES_AGGRESSIVE;
				CLANG_WARN_UNREACHABLE_CODE = YES;
				CLANG_WARN__DUPLICATE_METHOD_MATCH = YES;
				COPY_PHASE_STRIP = NO;
				DEBUG_INFORMATION_FORMAT = dwarf;
				ENABLE_STRICT_OBJC_MSGSEND = YES;
				ENABLE_TESTABILITY = YES;
				ENABLE_USER_SCRIPT_SANDBOXING = YES;
				GCC_C_LANGUAGE_STANDARD = gnu17;
				GCC_DYNAMIC_NO_PIC = NO;
				GCC_NO_COMMON_BLOCKS = YES;
				GCC_OPTIMIZATION_LEVEL = 0;
				GCC_PREPROCESSOR_DEFINITIONS = (
					"DEBUG=1",
					"$(inherited)",
				);
				GCC_WARN_64_TO_32_BIT_CONVERSION = YES;
				GCC_WARN_ABOUT_RETURN_TYPE = YES_ERROR;
				GCC_WARN_UNDECLARED_SELECTOR = YES;
				GCC_WARN_UNINITIALIZED_AUTOS = YES_AGGRESSIVE;
				GCC_WARN_UNUSED_FUNCTION = YES;
				GCC_WARN_UNUSED_VARIABLE = YES;
				IPHONEOS_DEPLOYMENT_TARGET = 18.0;
				LOCALIZATION_PREFERS_STRING_CATALOGS = YES;
				MTL_ENABLE_DEBUG_INFO = INCLUDE_SOURCE;
				MTL_FAST_MATH = YES;
				ONLY_ACTIVE_ARCH = YES;
				SDKROOT = iphoneos;
				SWIFT_ACTIVE_COMPILATION_CONDITIONS = "DEBUG $(inherited)";
				SWIFT_OPTIMIZATION_LEVEL = "-Onone";
			};
			name = Debug;
		};
		339229DC2D17456000FBBD09 /* Release */ = {
			isa = XCBuildConfiguration;
			buildSettings = {
				ALWAYS_SEARCH_USER_PATHS = NO;
				ASSETCATALOG_COMPILER_GENERATE_SWIFT_ASSET_SYMBOL_EXTENSIONS = YES;
				CLANG_ANALYZER_NONNULL = YES;
				CLANG_ANALYZER_NUMBER_OBJECT_CONVERSION = YES_AGGRESSIVE;
				CLANG_CXX_LANGUAGE_STANDARD = "gnu++20";
				CLANG_ENABLE_MODULES = YES;
				CLANG_ENABLE_OBJC_ARC = YES;
				CLANG_ENABLE_OBJC_WEAK = YES;
				CLANG_WARN_BLOCK_CAPTURE_AUTORELEASING = YES;
				CLANG_WARN_BOOL_CONVERSION = YES;
				CLANG_WARN_COMMA = YES;
				CLANG_WARN_CONSTANT_CONVERSION = YES;
				CLANG_WARN_DEPRECATED_OBJC_IMPLEMENTATIONS = YES;
				CLANG_WARN_DIRECT_OBJC_ISA_USAGE = YES_ERROR;
				CLANG_WARN_DOCUMENTATION_COMMENTS = YES;
				CLANG_WARN_EMPTY_BODY = YES;
				CLANG_WARN_ENUM_CONVERSION = YES;
				CLANG_WARN_INFINITE_RECURSION = YES;
				CLANG_WARN_INT_CONVERSION = YES;
				CLANG_WARN_NON_LITERAL_NULL_CONVERSION = YES;
				CLANG_WARN_OBJC_IMPLICIT_RETAIN_SELF = YES;
				CLANG_WARN_OBJC_LITERAL_CONVERSION = YES;
				CLANG_WARN_OBJC_ROOT_CLASS = YES_ERROR;
				CLANG_WARN_QUOTED_INCLUDE_IN_FRAMEWORK_HEADER = YES;
				CLANG_WARN_RANGE_LOOP_ANALYSIS = YES;
				CLANG_WARN_STRICT_PROTOTYPES = YES;
				CLANG_WARN_SUSPICIOUS_MOVE = YES;
				CLANG_WARN_UNGUARDED_AVAILABILITY = YES_AGGRESSIVE;
				CLANG_WARN_UNREACHABLE_CODE = YES;
				CLANG_WARN__DUPLICATE_METHOD_MATCH = YES;
				COPY_PHASE_STRIP = NO;
				DEBUG_INFORMATION_FORMAT = "dwarf-with-dsym";
				ENABLE_NS_ASSERTIONS = NO;
				ENABLE_STRICT_OBJC_MSGSEND = YES;
				ENABLE_USER_SCRIPT_SANDBOXING = YES;
				GCC_C_LANGUAGE_STANDARD = gnu17;
				GCC_NO_COMMON_BLOCKS = YES;
				GCC_WARN_64_TO_32_BIT_CONVERSION = YES;
				GCC_WARN_ABOUT_RETURN_TYPE = YES_ERROR;
				GCC_WARN_UNDECLARED_SELECTOR = YES;
				GCC_WARN_UNINITIALIZED_AUTOS = YES_AGGRESSIVE;
				GCC_WARN_UNUSED_FUNCTION = YES;
				GCC_WARN_UNUSED_VARIABLE = YES;
				IPHONEOS_DEPLOYMENT_TARGET = 18.0;
				LOCALIZATION_PREFERS_STRING_CATALOGS = YES;
				MTL_ENABLE_DEBUG_INFO = NO;
				MTL_FAST_MATH = YES;
				SDKROOT = iphoneos;
				SWIFT_COMPILATION_MODE = wholemodule;
				VALIDATE_PRODUCT = YES;
			};
			name = Release;
		};
		339229DE2D17456000FBBD09 /* Debug */ = {
			isa = XCBuildConfiguration;
			buildSettings = {
				BUNDLE_LOADER = "$(TEST_HOST)";
				CODE_SIGN_STYLE = Automatic;
				CURRENT_PROJECT_VERSION = 1;
				DEVELOPMENT_TEAM = FNQ87MKBKT;
				GENERATE_INFOPLIST_FILE = YES;
				IPHONEOS_DEPLOYMENT_TARGET = 18.0;
				MARKETING_VERSION = 1.0;
				PRODUCT_BUNDLE_IDENTIFIER = "yanislammari.EFD-DeliveryTests";
				PRODUCT_NAME = "$(TARGET_NAME)";
				SWIFT_EMIT_LOC_STRINGS = NO;
				SWIFT_VERSION = 5.0;
				TARGETED_DEVICE_FAMILY = "1,2";
				TEST_HOST = "$(BUILT_PRODUCTS_DIR)/EFD-Delivery.app/$(BUNDLE_EXECUTABLE_FOLDER_PATH)/EFD-Delivery";
			};
			name = Debug;
		};
		339229DF2D17456000FBBD09 /* Release */ = {
			isa = XCBuildConfiguration;
			buildSettings = {
				BUNDLE_LOADER = "$(TEST_HOST)";
				CODE_SIGN_STYLE = Automatic;
				CURRENT_PROJECT_VERSION = 1;
				DEVELOPMENT_TEAM = FNQ87MKBKT;
				GENERATE_INFOPLIST_FILE = YES;
				IPHONEOS_DEPLOYMENT_TARGET = 18.0;
				MARKETING_VERSION = 1.0;
				PRODUCT_BUNDLE_IDENTIFIER = "yanislammari.EFD-DeliveryTests";
				PRODUCT_NAME = "$(TARGET_NAME)";
				SWIFT_EMIT_LOC_STRINGS = NO;
				SWIFT_VERSION = 5.0;
				TARGETED_DEVICE_FAMILY = "1,2";
				TEST_HOST = "$(BUILT_PRODUCTS_DIR)/EFD-Delivery.app/$(BUNDLE_EXECUTABLE_FOLDER_PATH)/EFD-Delivery";
			};
			name = Release;
		};
		339229E12D17456000FBBD09 /* Debug */ = {
			isa = XCBuildConfiguration;
			buildSettings = {
				CODE_SIGN_STYLE = Automatic;
				CURRENT_PROJECT_VERSION = 1;
				DEVELOPMENT_TEAM = FNQ87MKBKT;
				GENERATE_INFOPLIST_FILE = YES;
				MARKETING_VERSION = 1.0;
				PRODUCT_BUNDLE_IDENTIFIER = "yanislammari.EFD-DeliveryUITests";
				PRODUCT_NAME = "$(TARGET_NAME)";
				SWIFT_EMIT_LOC_STRINGS = NO;
				SWIFT_VERSION = 5.0;
				TARGETED_DEVICE_FAMILY = "1,2";
				TEST_TARGET_NAME = "EFD-Delivery";
			};
			name = Debug;
		};
		339229E22D17456000FBBD09 /* Release */ = {
			isa = XCBuildConfiguration;
			buildSettings = {
				CODE_SIGN_STYLE = Automatic;
				CURRENT_PROJECT_VERSION = 1;
				DEVELOPMENT_TEAM = FNQ87MKBKT;
				GENERATE_INFOPLIST_FILE = YES;
				MARKETING_VERSION = 1.0;
				PRODUCT_BUNDLE_IDENTIFIER = "yanislammari.EFD-DeliveryUITests";
				PRODUCT_NAME = "$(TARGET_NAME)";
				SWIFT_EMIT_LOC_STRINGS = NO;
				SWIFT_VERSION = 5.0;
				TARGETED_DEVICE_FAMILY = "1,2";
				TEST_TARGET_NAME = "EFD-Delivery";
			};
			name = Release;
		};
/* End XCBuildConfiguration section */

/* Begin XCConfigurationList section */
		339229AA2D17455E00FBBD09 /* Build configuration list for PBXProject "EFD-Delivery" */ = {
			isa = XCConfigurationList;
			buildConfigurations = (
				339229DB2D17456000FBBD09 /* Debug */,
				339229DC2D17456000FBBD09 /* Release */,
			);
			defaultConfigurationIsVisible = 0;
			defaultConfigurationName = Release;
		};
		339229D82D17456000FBBD09 /* Build configuration list for PBXNativeTarget "EFD-Delivery" */ = {
			isa = XCConfigurationList;
			buildConfigurations = (
				339229D92D17456000FBBD09 /* Debug */,
				339229DA2D17456000FBBD09 /* Release */,
			);
			defaultConfigurationIsVisible = 0;
			defaultConfigurationName = Release;
		};
		339229DD2D17456000FBBD09 /* Build configuration list for PBXNativeTarget "EFD-DeliveryTests" */ = {
			isa = XCConfigurationList;
			buildConfigurations = (
				339229DE2D17456000FBBD09 /* Debug */,
				339229DF2D17456000FBBD09 /* Release */,
			);
			defaultConfigurationIsVisible = 0;
			defaultConfigurationName = Release;
		};
		339229E02D17456000FBBD09 /* Build configuration list for PBXNativeTarget "EFD-DeliveryUITests" */ = {
			isa = XCConfigurationList;
			buildConfigurations = (
				339229E12D17456000FBBD09 /* Debug */,
				339229E22D17456000FBBD09 /* Release */,
			);
			defaultConfigurationIsVisible = 0;
			defaultConfigurationName = Release;
		};
/* End XCConfigurationList section */
	};
	rootObject = 339229A72D17455E00FBBD09 /* Project object */;
}
